
Microsoft Visual Studio Solution File, Format Version 12.00
# Visual Studio Version 16
VisualStudioVersion = 16.0.31624.102
MinimumVisualStudioVersion = 10.0.40219.1
Project("{FAE04EC0-301F-11D3-BF4B-00C04F79EFBC}") = "LIBRARY_SYSTEM", "LIBRARY_SYSTEM\LIBRARY_SYSTEM.csproj", "{6F7BDCA3-3813-4B5C-A764-98BF63B226AB}"
EndProject
Global
	GlobalSection(SolutionConfigurationPlatforms) = preSolution
		Debug|Any CPU = Debug|Any CPU
		Release|Any CPU = Release|Any CPU
	EndGlobalSection
	GlobalSection(ProjectConfigurationPlatforms) = postSolution
		{6F7BDCA3-3813-4B5C-A764-98BF63B226AB}.Debug|Any CPU.ActiveCfg = Debug|Any CPU
		{6F7BDCA3-3813-4B5C-A764-98BF63B226AB}.Debug|Any CPU.Build.0 = Debug|Any CPU
		{6F7BDCA3-3813-4B5C-A764-98BF63B226AB}.Release|Any CPU.ActiveCfg = Release|Any CPU
		{6F7BDCA3-3813-4B5C-A764-98BF63B226AB}.Release|Any CPU.Build.0 = Release|Any CPU
	EndGlobalSection
	GlobalSection(SolutionProperties) = preSolution
		HideSolutionNode = FALSE
	EndGlobalSection
	GlobalSection(ExtensibilityGlobals) = postSolution
		SolutionGuid = {936E4844-3B73-4079-8129-EEA4720E1135}
	EndGlobalSection
EndGlobal
